
Microsoft Visual Studio Solution File, Format Version 11.00
# Visual Studio 2010
Project("{FAE04EC0-301F-11D3-BF4B-00C04F79EFBC}") = "Battle Roy-GBIV", "Assembly-CSharp.csproj", "{56A4AC58-3DF4-44AE-9B58-E5A9E8FDA153}"
EndProject
Global
	GlobalSection(SolutionConfigurationPlatforms) = preSolution
		Debug|Any CPU = Debug|Any CPU
		Release|Any CPU = Release|Any CPU
	EndGlobalSection
	GlobalSection(ProjectConfigurationPlatforms) = postSolution
		{56A4AC58-3DF4-44AE-9B58-E5A9E8FDA153}.Debug|Any CPU.ActiveCfg = Debug|Any CPU
		{56A4AC58-3DF4-44AE-9B58-E5A9E8FDA153}.Debug|Any CPU.Build.0 = Debug|Any CPU
		{56A4AC58-3DF4-44AE-9B58-E5A9E8FDA153}.Release|Any CPU.ActiveCfg = Release|Any CPU
		{56A4AC58-3DF4-44AE-9B58-E5A9E8FDA153}.Release|Any CPU.Build.0 = Release|Any CPU
	EndGlobalSection
	GlobalSection(SolutionProperties) = preSolution
		HideSolutionNode = FALSE
	EndGlobalSection
	GlobalSection(MonoDevelopProperties) = preSolution
		StartupItem = Assembly-CSharp.csproj
	EndGlobalSection
EndGlobal
